dependencies:
- name: postgresql
  repository: https://charts.bitnami.com/bitnami
  version: 18.2.3
- name: redis
  repository: https://charts.bitnami.com/bitnami
  version: 24.1.2
- name: minio
  repository: https://charts.bitnami.com/bitnami
  version: 17.0.21
digest: sha256:b1f66bc0a78611c55d6e62953ad55fb055b1938acd66cad46286c2ed157a7352
generated: "2026-02-01T00:04:50.886987+05:30"
